
Microsoft Visual Studio Solution File, Format Version 12.00
# Visual Studio Version 16
VisualStudioVersion = 16.0.29009.5
MinimumVisualStudioVersion = 10.0.40219.1
Project("{9A19103F-16F7-4668-BE54-9A1E7A4F7556}") = "EnemApp.API", "EnemApp.API.csproj", "{9092286C-566A-478F-882B-70590A50691B}"
EndProject
Global
	GlobalSection(SolutionConfigurationPlatforms) = preSolution
		Debug|Any CPU = Debug|Any CPU
		Release|Any CPU = Release|Any CPU
	EndGlobalSection
	GlobalSection(ProjectConfigurationPlatforms) = postSolution
		{9092286C-566A-478F-882B-70590A50691B}.Debug|Any CPU.ActiveCfg = Debug|Any CPU
		{9092286C-566A-478F-882B-70590A50691B}.Debug|Any CPU.Build.0 = Debug|Any CPU
		{9092286C-566A-478F-882B-70590A50691B}.Release|Any CPU.ActiveCfg = Release|Any CPU
		{9092286C-566A-478F-882B-70590A50691B}.Release|Any CPU.Build.0 = Release|Any CPU
	EndGlobalSection
	GlobalSection(SolutionProperties) = preSolution
		HideSolutionNode = FALSE
	EndGlobalSection
	GlobalSection(ExtensibilityGlobals) = postSolution
		SolutionGuid = {5632299F-DE95-4407-89D9-8F6CB7AACEE9}
	EndGlobalSection
EndGlobal
